{
  "name": "@hyperfocal/env-abc-self-managed-engine",
  "version": "1.0.0",
  "lockfileVersion": 3,
  "requires": true,
  "packages": {
    "": {
      "name": "@hyperfocal/env-abc-self-managed-engine",
      "version": "1.0.0",
      "dependencies": {
        "@hyperfocal/env-base": "file:../packages/env-base",
        "@hyperfocal/mock-mcp-services": "file:../packages/mock-mcp-services"
      },
      "devDependencies": {
        "@types/node": "^20.10.0",
        "typescript": "^5.3.0"
      }
    },
    "../packages/env-base": {
      "name": "@hyperfocal/env-base",
      "version": "0.1.0",
      "dependencies": {
        "@anthropic-ai/sdk": "^0.39.0",
        "@aws-sdk/client-s3": "^3.700.0",
        "@aws-sdk/credential-providers": "^3.962.0",
        "ajv": "^8.17.1",
        "glob": "^13.0.6",
        "openai": "^6.18.0",
        "yaml": "^2.8.2"
      },
      "devDependencies": {
        "@types/node": "^20.10.0",
        "typescript": "^5.3.0"
      }
    },
    "../packages/mock-mcp-services": {
      "name": "@hyperfocal/mock-mcp-services",
      "version": "0.1.0",
      "dependencies": {
        "@modelcontextprotocol/sdk": "^1.0.4",
        "zod": "^3.23.8"
      },
      "bin": {
        "mock-github": "dist/bin/github.js",
        "mock-linear": "dist/bin/linear.js",
        "mock-sentry": "dist/bin/sentry.js"
      },
      "devDependencies": {
        "@types/node": "^20.10.0",
        "typescript": "^5.3.0",
        "vitest": "^2.1.8"
      },
      "engines": {
        "node": ">=18"
      }
    },
    "node_modules/@hyperfocal/env-base": {
      "resolved": "../packages/env-base",
      "link": true
    },
    "node_modules/@hyperfocal/mock-mcp-services": {
      "resolved": "../packages/mock-mcp-services",
      "link": true
    },
    "node_modules/@types/node": {
      "version": "20.19.37",
      "resolved": "https://registry.npmjs.org/@types/node/-/node-20.19.37.tgz",
      "integrity": "sha512-8kzdPJ3FsNsVIurqBs7oodNnCEVbni9yUEkaHbgptDACOPW04jimGagZ51E6+lXUwJjgnBw+hyko/lkFWCldqw==",
      "dev": true,
      "license": "MIT",
      "dependencies": {
        "undici-types": "~6.21.0"
      }
    },
    "node_modules/typescript": {
      "version": "5.9.3",
      "resolved": "https://registry.npmjs.org/typescript/-/typescript-5.9.3.tgz",
      "integrity": "sha512-jl1vZzPDinLr9eUt3J/t7V6FgNEw9QjvBPdysz9KfQDD41fQrC2Y4vKQdiaUpFT4bXlb1RHhLpp8wtm6M5TgSw==",
      "dev": true,
      "license": "Apache-2.0",
      "bin": {
        "tsc": "bin/tsc",
        "tsserver": "bin/tsserver"
      },
      "engines": {
        "node": ">=14.17"
      }
    },
    "node_modules/undici-types": {
      "version": "6.21.0",
      "resolved": "https://registry.npmjs.org/undici-types/-/undici-types-6.21.0.tgz",
      "integrity": "sha512-iwDZqg0QAGrg9Rav5H4n0M64c3mkR59cJ6wQp+7C4nI0gsmExaedaYLNO44eT4AtBBwjbTiGPMlt2Md0T9H9JQ==",
      "dev": true,
      "license": "MIT"
    }
  }
}
